github.com/rivo/uniseg v0.4.7 h1:WUdvkW8uEhrYfLC4ZzdpI2ztxP1I582+49Oc5Mq64VQ=
github.com/rivo/uniseg v0.4.7/go.mod h1:FN3SvrM+Zdj16jyLfmOkMNblXMcoc8DfTHruCPUcx88=
golang.org/x/sys v0.21.0 h1:rF+pYz3DAGSQAxAu1CbC7catZg4ebC4UIeIhKxBZvws=
golang.org/x/sys v0.21.0/go.mod h1:/VUhepiaJMQUp4+oa/7Zr1D23ma6VTLIYjOOTFZPUcA=
zgo.at/runewidth v0.1.0 h1:ED4PzJpYJlZMDEkoz+iPKjb5NrwbKnWPXDMJlNlfk9g=
zgo.at/runewidth v0.1.0/go.mod h1:Ugl6FGPF5Ib/NRu2UAV2wVthEgYfEz51Bu/uyNbWZSw=
zgo.at/termtext v1.5.0 h1:4p9GVUDYUR8oWvpxOZsO5ZrNSkA99bp8gXNKxKj+Kl0=
zgo.at/termtext v1.5.0/go.mod h1:AcdAAiydkqSFadljJaEj9jv7bpyJxfQqGtPWyZCLenQ=
zgo.at/zli v0.0.0-20240614180544-47534b1ce136 h1:Q0j5M5+5YGNaECQmKOcznyDYX3jZUCVN+c7GKUkoV8o=
zgo.at/zli v0.0.0-20240614180544-47534b1ce136/go.mod h1:0jjx+AGEkWOOQ0NtzbMnpko+H2G+aTg8mfCKqoc/BuA=
